# This is a Gradle generated file for dependency locking.
# Manual edits can break the build and are not advised.
# This file is expected to be part of source control.
backport-util-concurrent:backport-util-concurrent:3.1=classpath
classworlds:classworlds:1.1-alpha-2=classpath
com.google.code.gson:gson:2.8.5=classpath
com.jfrog.bintray.gradle:gradle-bintray-plugin:1.8.5=classpath
commons-beanutils:commons-beanutils:1.8.0=classpath
commons-codec:commons-codec:1.6=classpath
commons-collections:commons-collections:3.2.1=classpath
commons-lang:commons-lang:2.4=classpath
commons-logging:commons-logging:1.1.1=classpath
de.undercouch:gradle-download-task:4.0.2=classpath
junit:junit:3.8.1=classpath
nekohtml:nekohtml:1.9.6.2=classpath
nekohtml:xercesMinimal:1.9.6.2=classpath
net.sf.ezmorph:ezmorph:1.0.6=classpath
net.sf.json-lib:json-lib:2.3=classpath
net.sourceforge.nekohtml:nekohtml:1.9.16=classpath
org.apache.ant:ant-launcher:1.8.0=classpath
org.apache.ant:ant:1.8.0=classpath
org.apache.httpcomponents:httpclient:4.2.1=classpath
org.apache.httpcomponents:httpcore:4.2.1=classpath
org.apache.maven.wagon:wagon-file:1.0-beta-6=classpath
org.apache.maven.wagon:wagon-http-lightweight:1.0-beta-6=classpath
org.apache.maven.wagon:wagon-http-shared:1.0-beta-6=classpath
org.apache.maven.wagon:wagon-provider-api:1.0-beta-6=classpath
org.apache.maven:maven-ant-tasks:2.1.3=classpath
org.apache.maven:maven-artifact-manager:2.2.1=classpath
org.apache.maven:maven-artifact:2.2.1=classpath
org.apache.maven:maven-error-diagnostics:2.2.1=classpath
org.apache.maven:maven-model:2.2.1=classpath
org.apache.maven:maven-plugin-registry:2.2.1=classpath
org.apache.maven:maven-profile:2.2.1=classpath
org.apache.maven:maven-project:2.2.1=classpath
org.apache.maven:maven-repository-metadata:2.2.1=classpath
org.apache.maven:maven-settings:2.2.1=classpath
org.codehaus.groovy.modules.http-builder:http-builder:0.7.2=classpath
org.codehaus.plexus:plexus-container-default:1.0-alpha-9-stable-1=classpath
org.codehaus.plexus:plexus-interpolation:1.11=classpath
org.codehaus.plexus:plexus-utils:1.5.15=classpath
org.jetbrains.intellij.deps:trove4j:1.0.20181211=classpath
org.jetbrains.kotlin.jvm:org.jetbrains.kotlin.jvm.gradle.plugin:1.3.72=classpath
org.jetbrains.kotlin:kotlin-android-extensions:1.3.72=classpath
org.jetbrains.kotlin:kotlin-annotation-processing-gradle:1.3.72=classpath
org.jetbrains.kotlin:kotlin-build-common:1.3.72=classpath
org.jetbrains.kotlin:kotlin-compiler-embeddable:1.3.72=classpath
org.jetbrains.kotlin:kotlin-compiler-runner:1.3.72=classpath
org.jetbrains.kotlin:kotlin-daemon-client:1.3.72=classpath
org.jetbrains.kotlin:kotlin-daemon-embeddable:1.3.72=classpath
org.jetbrains.kotlin:kotlin-gradle-plugin-api:1.3.72=classpath
org.jetbrains.kotlin:kotlin-gradle-plugin-model:1.3.72=classpath
org.jetbrains.kotlin:kotlin-gradle-plugin:1.3.72=classpath
org.jetbrains.kotlin:kotlin-native-utils:1.3.72=classpath
org.jetbrains.kotlin:kotlin-reflect:1.3.72=classpath
org.jetbrains.kotlin:kotlin-script-runtime:1.3.72=classpath
org.jetbrains.kotlin:kotlin-scripting-common:1.3.72=classpath
org.jetbrains.kotlin:kotlin-scripting-compiler-embeddable:1.3.72=classpath
org.jetbrains.kotlin:kotlin-scripting-compiler-impl-embeddable:1.3.72=classpath
org.jetbrains.kotlin:kotlin-scripting-jvm:1.3.72=classpath
org.jetbrains.kotlin:kotlin-stdlib-common:1.3.72=classpath
org.jetbrains.kotlin:kotlin-stdlib:1.3.72=classpath
org.jetbrains.kotlin:kotlin-util-io:1.3.72=classpath
org.jetbrains.kotlin:kotlin-util-klib:1.3.72=classpath
org.jetbrains.kotlinx:kotlinx-coroutines-core:1.2.1=classpath
org.jetbrains:annotations:13.0=classpath
xerces:xercesImpl:2.9.1=classpath
xml-apis:xml-apis:1.3.04=classpath
xml-resolver:xml-resolver:1.2=classpath
empty=
